
Microsoft Visual Studio Solution File, Format Version 12.00
# Visual Studio Version 16
VisualStudioVersion = 16.0.30907.101
MinimumVisualStudioVersion = 10.0.40219.1
Project("{FAE04EC0-301F-11D3-BF4B-00C04F79EFBC}") = "GameProject", "GameProject\GameProject.csproj", "{37FDB01D-C2D7-49D3-A2A3-F569BFD9B5A5}"
EndProject
Global
	GlobalSection(SolutionConfigurationPlatforms) = preSolution
		Debug|Any CPU = Debug|Any CPU
		Release|Any CPU = Release|Any CPU
	EndGlobalSection
	GlobalSection(ProjectConfigurationPlatforms) = postSolution
		{37FDB01D-C2D7-49D3-A2A3-F569BFD9B5A5}.Debug|Any CPU.ActiveCfg = Debug|Any CPU
		{37FDB01D-C2D7-49D3-A2A3-F569BFD9B5A5}.Debug|Any CPU.Build.0 = Debug|Any CPU
		{37FDB01D-C2D7-49D3-A2A3-F569BFD9B5A5}.Release|Any CPU.ActiveCfg = Release|Any CPU
		{37FDB01D-C2D7-49D3-A2A3-F569BFD9B5A5}.Release|Any CPU.Build.0 = Release|Any CPU
	EndGlobalSection
	GlobalSection(SolutionProperties) = preSolution
		HideSolutionNode = FALSE
	EndGlobalSection
	GlobalSection(ExtensibilityGlobals) = postSolution
		SolutionGuid = {DE1B6ABE-0F55-436E-BF5D-9967F4B9681C}
	EndGlobalSection
EndGlobal
